// !$*UTF8*$!
{
	archiveVersion = 1;
	classes = {
	};
	objectVersion = 56;
	objects = {

/* Begin PBXBuildFile section */
		276C33262BCAFCB1006F860C /* PairModelService.swift in Sources */ = {isa = PBXBuildFile; fileRef = 276C33252BCAFCB1006F860C /* PairModelService.swift */; };
		27B4D1212BCE2FFE00CA03D8 /* category2id.json in Resources */ = {isa = PBXBuildFile; fileRef = 27B4D11E2BCE2FFE00CA03D8 /* category2id.json */; };
		27B4D1222BCE2FFE00CA03D8 /* ingredient_data.json in Resources */ = {isa = PBXBuildFile; fileRef = 27B4D11F2BCE2FFE00CA03D8 /* ingredient_data.json */; };
		27B4D1242BCE309400CA03D8 /* embedding_data.json in Resources */ = {isa = PBXBuildFile; fileRef = 27B4D1232BCE309400CA03D8 /* embedding_data.json */; };
		27B4D1262BCEC7CE00CA03D8 /* Ingredient.swift in Sources */ = {isa = PBXBuildFile; fileRef = 27B4D1252BCEC7CE00CA03D8 /* Ingredient.swift */; };
		27B4D1282BCEC7D800CA03D8 /* IngredientCategory.swift in Sources */ = {isa = PBXBuildFile; fileRef = 27B4D1272BCEC7D800CA03D8 /* IngredientCategory.swift */; };
		27B4D12A2BCEC84400CA03D8 /* MLEmbedding.swift in Sources */ = {isa = PBXBuildFile; fileRef = 27B4D1292BCEC84400CA03D8 /* MLEmbedding.swift */; };
		27B4D12E2BCF160D00CA03D8 /* PairModel.mlpackage in Sources */ = {isa = PBXBuildFile; fileRef = 27B4D12D2BCF160D00CA03D8 /* PairModel.mlpackage */; };
		27B4D1442BCF62BF00CA03D8 /* IngredientDataService.swift in Sources */ = {isa = PBXBuildFile; fileRef = 27B4D1432BCF62BF00CA03D8 /* IngredientDataService.swift */; };
		27C7C3632BBF86A500721D37 /* App.swift in Sources */ = {isa = PBXBuildFile; fileRef = 27C7C3622BBF86A500721D37 /* App.swift */; };
		27C7C3652BBF86A500721D37 /* ContentView.swift in Sources */ = {isa = PBXBuildFile; fileRef = 27C7C3642BBF86A500721D37 /* ContentView.swift */; };
		27C7C3692BBF86A600721D37 /* Assets.xcassets in Resources */ = {isa = PBXBuildFile; fileRef = 27C7C3682BBF86A600721D37 /* Assets.xcassets */; };
		27C7C36D2BBF86A600721D37 /* Preview Assets.xcassets in Resources */ = {isa = PBXBuildFile; fileRef = 27C7C36C2BBF86A600721D37 /* Preview Assets.xcassets */; };
		27F47F6A2BCF66AA005A2268 /* PairModelServiceTests.swift in Sources */ = {isa = PBXBuildFile; fileRef = 27F47F682BCF66AA005A2268 /* PairModelServiceTests.swift */; };
		27F47F6E2BCF66BA005A2268 /* embedding_test_data.json in Resources */ = {isa = PBXBuildFile; fileRef = 27F47F6C2BCF66BA005A2268 /* embedding_test_data.json */; };
		27F47F712BCF66EF005A2268 /* ThePerfectPairUITests.swift in Sources */ = {isa = PBXBuildFile; fileRef = 27F47F6F2BCF66EF005A2268 /* ThePerfectPairUITests.swift */; };
		27F47F722BCF66EF005A2268 /* ThePerfectPairUITestsLaunchTests.swift in Sources */ = {isa = PBXBuildFile; fileRef = 27F47F702BCF66EF005A2268 /* ThePerfectPairUITestsLaunchTests.swift */; };
		27F47F752BD06D05005A2268 /* IngredientDataServiceTests.swift in Sources */ = {isa = PBXBuildFile; fileRef = 27F47F742BD06D05005A2268 /* IngredientDataServiceTests.swift */; };
/* End PBXBuildFile section */

/* Begin PBXContainerItemProxy section */
		27C7C3732BBF86A600721D37 /* PBXContainerItemProxy */ = {
			isa = PBXContainerItemProxy;
			containerPortal = 27C7C3572BBF86A500721D37 /* Project object */;
			proxyType = 1;
			remoteGlobalIDString = 27C7C35E2BBF86A500721D37;
			remoteInfo = "The Perfect Pair";
		};
		27C7C37D2BBF86A600721D37 /* PBXContainerItemProxy */ = {
			isa = PBXContainerItemProxy;
			containerPortal = 27C7C3572BBF86A500721D37 /* Project object */;
			proxyType = 1;
			remoteGlobalIDString = 27C7C35E2BBF86A500721D37;
			remoteInfo = "The Perfect Pair";
		};
/* End PBXContainerItemProxy section */

/* Begin PBXFileReference section */
		276C33252BCAFCB1006F860C /* PairModelService.swift */ = {isa = PBXFileReference; lastKnownFileType = sourcecode.swift; path = PairModelService.swift; sourceTree = "<group>"; };
		27B4D11E2BCE2FFE00CA03D8 /* category2id.json */ = {isa = PBXFileReference; fileEncoding = 4; lastKnownFileType = text.json; path = category2id.json; sourceTree = "<group>"; };
		27B4D11F2BCE2FFE00CA03D8 /* ingredient_data.json */ = {isa = PBXFileReference; fileEncoding = 4; lastKnownFileType = text.json; path = ingredient_data.json; sourceTree = "<group>"; };
		27B4D1232BCE309400CA03D8 /* embedding_data.json */ = {isa = PBXFileReference; fileEncoding = 4; lastKnownFileType = text.json; path = embedding_data.json; sourceTree = "<group>"; };
		27B4D1252BCEC7CE00CA03D8 /* Ingredient.swift */ = {isa = PBXFileReference; lastKnownFileType = sourcecode.swift; path = Ingredient.swift; sourceTree = "<group>"; };
		27B4D1272BCEC7D800CA03D8 /* IngredientCategory.swift */ = {isa = PBXFileReference; lastKnownFileType = sourcecode.swift; path = IngredientCategory.swift; sourceTree = "<group>"; };
		27B4D1292BCEC84400CA03D8 /* MLEmbedding.swift */ = {isa = PBXFileReference; lastKnownFileType = sourcecode.swift; path = MLEmbedding.swift; sourceTree = "<group>"; };
		27B4D12D2BCF160D00CA03D8 /* PairModel.mlpackage */ = {isa = PBXFileReference; lastKnownFileType = folder.mlpackage; path = PairModel.mlpackage; sourceTree = "<group>"; };
		27B4D1432BCF62BF00CA03D8 /* IngredientDataService.swift */ = {isa = PBXFileReference; fileEncoding = 4; lastKnownFileType = sourcecode.swift; path = IngredientDataService.swift; sourceTree = "<group>"; };
		27C7C35F2BBF86A500721D37 /* ThePerfectPair.app */ = {isa = PBXFileReference; explicitFileType = wrapper.application; includeInIndex = 0; path = ThePerfectPair.app; sourceTree = BUILT_PRODUCTS_DIR; };
		27C7C3622BBF86A500721D37 /* App.swift */ = {isa = PBXFileReference; lastKnownFileType = sourcecode.swift; path = App.swift; sourceTree = "<group>"; };
		27C7C3642BBF86A500721D37 /* ContentView.swift */ = {isa = PBXFileReference; lastKnownFileType = sourcecode.swift; path = ContentView.swift; sourceTree = "<group>"; };
		27C7C3682BBF86A600721D37 /* Assets.xcassets */ = {isa = PBXFileReference; lastKnownFileType = folder.assetcatalog; path = Assets.xcassets; sourceTree = "<group>"; };
		27C7C36A2BBF86A600721D37 /* ThePerfectPair.entitlements */ = {isa = PBXFileReference; lastKnownFileType = text.plist.entitlements; name = ThePerfectPair.entitlements; path = ThePerfectPair/SupportingFiles/ThePerfectPair.entitlements; sourceTree = SOURCE_ROOT; };
		27C7C36C2BBF86A600721D37 /* Preview Assets.xcassets */ = {isa = PBXFileReference; lastKnownFileType = folder.assetcatalog; path = "Preview Assets.xcassets"; sourceTree = "<group>"; };
		27C7C3722BBF86A600721D37 /* ThePerfectPairTests.xctest */ = {isa = PBXFileReference; explicitFileType = wrapper.cfbundle; includeInIndex = 0; path = ThePerfectPairTests.xctest; sourceTree = BUILT_PRODUCTS_DIR; };
		27C7C37C2BBF86A600721D37 /* ThePerfectPairUITests.xctest */ = {isa = PBXFileReference; explicitFileType = wrapper.cfbundle; includeInIndex = 0; path = ThePerfectPairUITests.xctest; sourceTree = BUILT_PRODUCTS_DIR; };
		27F47F682BCF66AA005A2268 /* PairModelServiceTests.swift */ = {isa = PBXFileReference; fileEncoding = 4; lastKnownFileType = sourcecode.swift; path = PairModelServiceTests.swift; sourceTree = "<group>"; };
		27F47F6C2BCF66BA005A2268 /* embedding_test_data.json */ = {isa = PBXFileReference; fileEncoding = 4; lastKnownFileType = text.json; path = embedding_test_data.json; sourceTree = "<group>"; };
		27F47F6F2BCF66EF005A2268 /* ThePerfectPairUITests.swift */ = {isa = PBXFileReference; fileEncoding = 4; lastKnownFileType = sourcecode.swift; path = ThePerfectPairUITests.swift; sourceTree = "<group>"; };
		27F47F702BCF66EF005A2268 /* ThePerfectPairUITestsLaunchTests.swift */ = {isa = PBXFileReference; fileEncoding = 4; lastKnownFileType = sourcecode.swift; path = ThePerfectPairUITestsLaunchTests.swift; sourceTree = "<group>"; };
		27F47F742BD06D05005A2268 /* IngredientDataServiceTests.swift */ = {isa = PBXFileReference; lastKnownFileType = sourcecode.swift; path = IngredientDataServiceTests.swift; sourceTree = "<group>"; };
/* End PBXFileReference section */

/* Begin PBXFrameworksBuildPhase section */
		27C7C35C2BBF86A500721D37 /* Frameworks */ = {
			isa = PBXFrameworksBuildPhase;
			buildActionMask = 2147483647;
			files = (
			);
			runOnlyForDeploymentPostprocessing = 0;
		};
		27C7C36F2BBF86A600721D37 /* Frameworks */ = {
			isa = PBXFrameworksBuildPhase;
			buildActionMask = 2147483647;
			files = (
			);
			runOnlyForDeploymentPostprocessing = 0;
		};
		27C7C3792BBF86A600721D37 /* Frameworks */ = {
			isa = PBXFrameworksBuildPhase;
			buildActionMask = 2147483647;
			files = (
			);
			runOnlyForDeploymentPostprocessing = 0;
		};
/* End PBXFrameworksBuildPhase section */

/* Begin PBXGroup section */
		276C330D2BC9ED7D006F860C /* Views */ = {
			isa = PBXGroup;
			children = (
				27C7C3642BBF86A500721D37 /* ContentView.swift */,
			);
			path = Views;
			sourceTree = "<group>";
		};
		276C330E2BC9ED82006F860C /* Models */ = {
			isa = PBXGroup;
			children = (
				27B4D1252BCEC7CE00CA03D8 /* Ingredient.swift */,
				27B4D1272BCEC7D800CA03D8 /* IngredientCategory.swift */,
				27B4D1292BCEC84400CA03D8 /* MLEmbedding.swift */,
			);
			path = Models;
			sourceTree = "<group>";
		};
		276C330F2BC9ED88006F860C /* ViewModels */ = {
			isa = PBXGroup;
			children = (
			);
			path = ViewModels;
			sourceTree = "<group>";
		};
		276C33182BCAF3F8006F860C /* Services */ = {
			isa = PBXGroup;
			children = (
				27B4D1432BCF62BF00CA03D8 /* IngredientDataService.swift */,
				276C33252BCAFCB1006F860C /* PairModelService.swift */,
			);
			path = Services;
			sourceTree = "<group>";
		};
		276C33192BCAF401006F860C /* App */ = {
			isa = PBXGroup;
			children = (
				27C7C3622BBF86A500721D37 /* App.swift */,
			);
			path = App;
			sourceTree = "<group>";
		};
		276C331C2BCAF495006F860C /* Resources */ = {
			isa = PBXGroup;
			children = (
				27B4D12D2BCF160D00CA03D8 /* PairModel.mlpackage */,
				27B4D1232BCE309400CA03D8 /* embedding_data.json */,
				27B4D11E2BCE2FFE00CA03D8 /* category2id.json */,
				27B4D11F2BCE2FFE00CA03D8 /* ingredient_data.json */,
				27C7C3682BBF86A600721D37 /* Assets.xcassets */,
			);
			path = Resources;
			sourceTree = "<group>";
		};
		276C331D2BCAF49F006F860C /* SupportingFiles */ = {
			isa = PBXGroup;
			children = (
				27C7C36C2BBF86A600721D37 /* Preview Assets.xcassets */,
				27C7C36A2BBF86A600721D37 /* ThePerfectPair.entitlements */,
			);
			path = SupportingFiles;
			sourceTree = "<group>";
		};
		277246E12BCF6624000BA110 /* ThePerfectPairUITests */ = {
			isa = PBXGroup;
			children = (
				27F47F6F2BCF66EF005A2268 /* ThePerfectPairUITests.swift */,
				27F47F702BCF66EF005A2268 /* ThePerfectPairUITestsLaunchTests.swift */,
			);
			path = ThePerfectPairUITests;
			sourceTree = "<group>";
		};
		277246E22BCF6659000BA110 /* ThePerfectPairTests */ = {
			isa = PBXGroup;
			children = (
				27F47F6D2BCF66BA005A2268 /* Resources */,
				27F47F682BCF66AA005A2268 /* PairModelServiceTests.swift */,
				27F47F742BD06D05005A2268 /* IngredientDataServiceTests.swift */,
			);
			path = ThePerfectPairTests;
			sourceTree = "<group>";
		};
		27C7C3562BBF86A500721D37 = {
			isa = PBXGroup;
			children = (
				27C7C3612BBF86A500721D37 /* ThePerfectPair */,
				277246E22BCF6659000BA110 /* ThePerfectPairTests */,
				277246E12BCF6624000BA110 /* ThePerfectPairUITests */,
				27C7C3602BBF86A500721D37 /* Products */,
			);
			sourceTree = "<group>";
		};
		27C7C3602BBF86A500721D37 /* Products */ = {
			isa = PBXGroup;
			children = (
				27C7C35F2BBF86A500721D37 /* ThePerfectPair.app */,
				27C7C3722BBF86A600721D37 /* ThePerfectPairTests.xctest */,
				27C7C37C2BBF86A600721D37 /* ThePerfectPairUITests.xctest */,
			);
			name = Products;
			sourceTree = "<group>";
		};
		27C7C3612BBF86A500721D37 /* ThePerfectPair */ = {
			isa = PBXGroup;
			children = (
				27F47F732BCF692C005A2268 /* Preview Content */,
				276C33192BCAF401006F860C /* App */,
				276C331C2BCAF495006F860C /* Resources */,
				276C33182BCAF3F8006F860C /* Services */,
				276C330F2BC9ED88006F860C /* ViewModels */,
				276C330E2BC9ED82006F860C /* Models */,
				276C330D2BC9ED7D006F860C /* Views */,
				276C331D2BCAF49F006F860C /* SupportingFiles */,
			);
			path = ThePerfectPair;
			sourceTree = "<group>";
		};
		27F47F6D2BCF66BA005A2268 /* Resources */ = {
			isa = PBXGroup;
			children = (
				27F47F6C2BCF66BA005A2268 /* embedding_test_data.json */,
			);
			path = Resources;
			sourceTree = "<group>";
		};
		27F47F732BCF692C005A2268 /* Preview Content */ = {
			isa = PBXGroup;
			children = (
			);
			path = "Preview Content";
			sourceTree = "<group>";
		};
/* End PBXGroup section */

/* Begin PBXNativeTarget section */
		27C7C35E2BBF86A500721D37 /* ThePerfectPair */ = {
			isa = PBXNativeTarget;
			buildConfigurationList = 27C7C3862BBF86A600721D37 /* Build configuration list for PBXNativeTarget "ThePerfectPair" */;
			buildPhases = (
				27C7C35B2BBF86A500721D37 /* Sources */,
				27C7C35C2BBF86A500721D37 /* Frameworks */,
				27C7C35D2BBF86A500721D37 /* Resources */,
			);
			buildRules = (
			);
			dependencies = (
			);
			name = ThePerfectPair;
			productName = "The Perfect Pair";
			productReference = 27C7C35F2BBF86A500721D37 /* ThePerfectPair.app */;
			productType = "com.apple.product-type.application";
		};
		27C7C3712BBF86A600721D37 /* ThePerfectPairTests */ = {
			isa = PBXNativeTarget;
			buildConfigurationList = 27C7C3892BBF86A600721D37 /* Build configuration list for PBXNativeTarget "ThePerfectPairTests" */;
			buildPhases = (
				27C7C36E2BBF86A600721D37 /* Sources */,
				27C7C36F2BBF86A600721D37 /* Frameworks */,
				27C7C3702BBF86A600721D37 /* Resources */,
			);
			buildRules = (
			);
			dependencies = (
				27C7C3742BBF86A600721D37 /* PBXTargetDependency */,
			);
			name = ThePerfectPairTests;
			productName = "The Perfect PairTests";
			productReference = 27C7C3722BBF86A600721D37 /* ThePerfectPairTests.xctest */;
			productType = "com.apple.product-type.bundle.unit-test";
		};
		27C7C37B2BBF86A600721D37 /* ThePerfectPairUITests */ = {
			isa = PBXNativeTarget;
			buildConfigurationList = 27C7C38C2BBF86A600721D37 /* Build configuration list for PBXNativeTarget "ThePerfectPairUITests" */;
			buildPhases = (
				27C7C3782BBF86A600721D37 /* Sources */,
				27C7C3792BBF86A600721D37 /* Frameworks */,
				27C7C37A2BBF86A600721D37 /* Resources */,
			);
			buildRules = (
			);
			dependencies = (
				27C7C37E2BBF86A600721D37 /* PBXTargetDependency */,
			);
			name = ThePerfectPairUITests;
			productName = "The Perfect PairUITests";
			productReference = 27C7C37C2BBF86A600721D37 /* ThePerfectPairUITests.xctest */;
			productType = "com.apple.product-type.bundle.ui-testing";
		};
/* End PBXNativeTarget section */

/* Begin PBXProject section */
		27C7C3572BBF86A500721D37 /* Project object */ = {
			isa = PBXProject;
			attributes = {
				BuildIndependentTargetsInParallel = 1;
				LastSwiftUpdateCheck = 1530;
				LastUpgradeCheck = 1530;
				TargetAttributes = {
					27C7C35E2BBF86A500721D37 = {
						CreatedOnToolsVersion = 15.3;
					};
					27C7C3712BBF86A600721D37 = {
						CreatedOnToolsVersion = 15.3;
						LastSwiftMigration = 1530;
						TestTargetID = 27C7C35E2BBF86A500721D37;
					};
					27C7C37B2BBF86A600721D37 = {
						CreatedOnToolsVersion = 15.3;
						LastSwiftMigration = 1530;
						TestTargetID = 27C7C35E2BBF86A500721D37;
					};
				};
			};
			buildConfigurationList = 27C7C35A2BBF86A500721D37 /* Build configuration list for PBXProject "ThePerfectPair" */;
			compatibilityVersion = "Xcode 14.0";
			developmentRegion = en;
			hasScannedForEncodings = 0;
			knownRegions = (
				en,
				Base,
			);
			mainGroup = 27C7C3562BBF86A500721D37;
			productRefGroup = 27C7C3602BBF86A500721D37 /* Products */;
			projectDirPath = "";
			projectRoot = "";
			targets = (
				27C7C35E2BBF86A500721D37 /* ThePerfectPair */,
				27C7C3712BBF86A600721D37 /* ThePerfectPairTests */,
				27C7C37B2BBF86A600721D37 /* ThePerfectPairUITests */,
			);
		};
/* End PBXProject section */

/* Begin PBXResourcesBuildPhase section */
		27C7C35D2BBF86A500721D37 /* Resources */ = {
			isa = PBXResourcesBuildPhase;
			buildActionMask = 2147483647;
			files = (
				27B4D1242BCE309400CA03D8 /* embedding_data.json in Resources */,
				27B4D1212BCE2FFE00CA03D8 /* category2id.json in Resources */,
				27C7C36D2BBF86A600721D37 /* Preview Assets.xcassets in Resources */,
				27C7C3692BBF86A600721D37 /* Assets.xcassets in Resources */,
				27B4D1222BCE2FFE00CA03D8 /* ingredient_data.json in Resources */,
			);
			runOnlyForDeploymentPostprocessing = 0;
		};
		27C7C3702BBF86A600721D37 /* Resources */ = {
			isa = PBXResourcesBuildPhase;
			buildActionMask = 2147483647;
			files = (
				27F47F6E2BCF66BA005A2268 /* embedding_test_data.json in Resources */,
			);
			runOnlyForDeploymentPostprocessing = 0;
		};
		27C7C37A2BBF86A600721D37 /* Resources */ = {
			isa = PBXResourcesBuildPhase;
			buildActionMask = 2147483647;
			files = (
			);
			runOnlyForDeploymentPostprocessing = 0;
		};
/* End PBXResourcesBuildPhase section */

/* Begin PBXSourcesBuildPhase section */
		27C7C35B2BBF86A500721D37 /* Sources */ = {
			isa = PBXSourcesBuildPhase;
			buildActionMask = 2147483647;
			files = (
				27B4D12A2BCEC84400CA03D8 /* MLEmbedding.swift in Sources */,
				276C33262BCAFCB1006F860C /* PairModelService.swift in Sources */,
				27B4D1262BCEC7CE00CA03D8 /* Ingredient.swift in Sources */,
				27C7C3652BBF86A500721D37 /* ContentView.swift in Sources */,
				27C7C3632BBF86A500721D37 /* App.swift in Sources */,
				27B4D12E2BCF160D00CA03D8 /* PairModel.mlpackage in Sources */,
				27B4D1282BCEC7D800CA03D8 /* IngredientCategory.swift in Sources */,
				27B4D1442BCF62BF00CA03D8 /* IngredientDataService.swift in Sources */,
			);
			runOnlyForDeploymentPostprocessing = 0;
		};
		27C7C36E2BBF86A600721D37 /* Sources */ = {
			isa = PBXSourcesBuildPhase;
			buildActionMask = 2147483647;
			files = (
				27F47F752BD06D05005A2268 /* IngredientDataServiceTests.swift in Sources */,
				27F47F6A2BCF66AA005A2268 /* PairModelServiceTests.swift in Sources */,
			);
			runOnlyForDeploymentPostprocessing = 0;
		};
		27C7C3782BBF86A600721D37 /* Sources */ = {
			isa = PBXSourcesBuildPhase;
			buildActionMask = 2147483647;
			files = (
				27F47F722BCF66EF005A2268 /* ThePerfectPairUITestsLaunchTests.swift in Sources */,
				27F47F712BCF66EF005A2268 /* ThePerfectPairUITests.swift in Sources */,
			);
			runOnlyForDeploymentPostprocessing = 0;
		};
/* End PBXSourcesBuildPhase section */

/* Begin PBXTargetDependency section */
		27C7C3742BBF86A600721D37 /* PBXTargetDependency */ = {
			isa = PBXTargetDependency;
			target = 27C7C35E2BBF86A500721D37 /* ThePerfectPair */;
			targetProxy = 27C7C3732BBF86A600721D37 /* PBXContainerItemProxy */;
		};
		27C7C37E2BBF86A600721D37 /* PBXTargetDependency */ = {
			isa = PBXTargetDependency;
			target = 27C7C35E2BBF86A500721D37 /* ThePerfectPair */;
			targetProxy = 27C7C37D2BBF86A600721D37 /* PBXContainerItemProxy */;
		};
/* End PBXTargetDependency section */

/* Begin XCBuildConfiguration section */
		27C7C3842BBF86A600721D37 /* Debug */ = {
			isa = XCBuildConfiguration;
			buildSettings = {
				ALWAYS_SEARCH_USER_PATHS = NO;
				ASSETCATALOG_COMPILER_GENERATE_SWIFT_ASSET_SYMBOL_EXTENSIONS = YES;
				CLANG_ANALYZER_NONNULL = YES;
				CLANG_ANALYZER_NUMBER_OBJECT_CONVERSION = YES_AGGRESSIVE;
				CLANG_CXX_LANGUAGE_STANDARD = "gnu++20";
				CLANG_ENABLE_MODULES = YES;
				CLANG_ENABLE_OBJC_ARC = YES;
				CLANG_ENABLE_OBJC_WEAK = YES;
				CLANG_WARN_BLOCK_CAPTURE_AUTORELEASING = YES;
				CLANG_WARN_BOOL_CONVERSION = YES;
				CLANG_WARN_COMMA = YES;
				CLANG_WARN_CONSTANT_CONVERSION = YES;
				CLANG_WARN_DEPRECATED_OBJC_IMPLEMENTATIONS = YES;
				CLANG_WARN_DIRECT_OBJC_ISA_USAGE = YES_ERROR;
				CLANG_WARN_DOCUMENTATION_COMMENTS = YES;
				CLANG_WARN_EMPTY_BODY = YES;
				CLANG_WARN_ENUM_CONVERSION = YES;
				CLANG_WARN_INFINITE_RECURSION = YES;
				CLANG_WARN_INT_CONVERSION = YES;
				CLANG_WARN_NON_LITERAL_NULL_CONVERSION = YES;
				CLANG_WARN_OBJC_IMPLICIT_RETAIN_SELF = YES;
				CLANG_WARN_OBJC_LITERAL_CONVERSION = YES;
				CLANG_WARN_OBJC_ROOT_CLASS = YES_ERROR;
				CLANG_WARN_QUOTED_INCLUDE_IN_FRAMEWORK_HEADER = YES;
				CLANG_WARN_RANGE_LOOP_ANALYSIS = YES;
				CLANG_WARN_STRICT_PROTOTYPES = YES;
				CLANG_WARN_SUSPICIOUS_MOVE = YES;
				CLANG_WARN_UNGUARDED_AVAILABILITY = YES_AGGRESSIVE;
				CLANG_WARN_UNREACHABLE_CODE = YES;
				CLANG_WARN__DUPLICATE_METHOD_MATCH = YES;
				CODE_SIGN_ENTITLEMENTS = ThePerfectPair/SupportingFiles/ThePerfectPair.entitlements;
				COPY_PHASE_STRIP = NO;
				DEBUG_INFORMATION_FORMAT = dwarf;
				ENABLE_STRICT_OBJC_MSGSEND = YES;
				ENABLE_TESTABILITY = YES;
				ENABLE_USER_SCRIPT_SANDBOXING = YES;
				GCC_C_LANGUAGE_STANDARD = gnu17;
				GCC_DYNAMIC_NO_PIC = NO;
				GCC_NO_COMMON_BLOCKS = YES;
				GCC_OPTIMIZATION_LEVEL = 0;
				GCC_PREPROCESSOR_DEFINITIONS = (
					"DEBUG=1",
					"$(inherited)",
				);
				GCC_WARN_64_TO_32_BIT_CONVERSION = YES;
				GCC_WARN_ABOUT_RETURN_TYPE = YES_ERROR;
				GCC_WARN_UNDECLARED_SELECTOR = YES;
				GCC_WARN_UNINITIALIZED_AUTOS = YES_AGGRESSIVE;
				GCC_WARN_UNUSED_FUNCTION = YES;
				GCC_WARN_UNUSED_VARIABLE = YES;
				LOCALIZATION_PREFERS_STRING_CATALOGS = YES;
				MTL_ENABLE_DEBUG_INFO = INCLUDE_SOURCE;
				MTL_FAST_MATH = YES;
				ONLY_ACTIVE_ARCH = YES;
				PRODUCT_NAME = ThePerfectPair;
				SWIFT_ACTIVE_COMPILATION_CONDITIONS = "DEBUG $(inherited)";
				SWIFT_OPTIMIZATION_LEVEL = "-Onone";
			};
			name = Debug;
		};
		27C7C3852BBF86A600721D37 /* Release */ = {
			isa = XCBuildConfiguration;
			buildSettings = {
				ALWAYS_SEARCH_USER_PATHS = NO;
				ASSETCATALOG_COMPILER_GENERATE_SWIFT_ASSET_SYMBOL_EXTENSIONS = YES;
				CLANG_ANALYZER_NONNULL = YES;
				CLANG_ANALYZER_NUMBER_OBJECT_CONVERSION = YES_AGGRESSIVE;
				CLANG_CXX_LANGUAGE_STANDARD = "gnu++20";
				CLANG_ENABLE_MODULES = YES;
				CLANG_ENABLE_OBJC_ARC = YES;
				CLANG_ENABLE_OBJC_WEAK = YES;
				CLANG_WARN_BLOCK_CAPTURE_AUTORELEASING = YES;
				CLANG_WARN_BOOL_CONVERSION = YES;
				CLANG_WARN_COMMA = YES;
				CLANG_WARN_CONSTANT_CONVERSION = YES;
				CLANG_WARN_DEPRECATED_OBJC_IMPLEMENTATIONS = YES;
				CLANG_WARN_DIRECT_OBJC_ISA_USAGE = YES_ERROR;
				CLANG_WARN_DOCUMENTATION_COMMENTS = YES;
				CLANG_WARN_EMPTY_BODY = YES;
				CLANG_WARN_ENUM_CONVERSION = YES;
				CLANG_WARN_INFINITE_RECURSION = YES;
				CLANG_WARN_INT_CONVERSION = YES;
				CLANG_WARN_NON_LITERAL_NULL_CONVERSION = YES;
				CLANG_WARN_OBJC_IMPLICIT_RETAIN_SELF = YES;
				CLANG_WARN_OBJC_LITERAL_CONVERSION = YES;
				CLANG_WARN_OBJC_ROOT_CLASS = YES_ERROR;
				CLANG_WARN_QUOTED_INCLUDE_IN_FRAMEWORK_HEADER = YES;
				CLANG_WARN_RANGE_LOOP_ANALYSIS = YES;
				CLANG_WARN_STRICT_PROTOTYPES = YES;
				CLANG_WARN_SUSPICIOUS_MOVE = YES;
				CLANG_WARN_UNGUARDED_AVAILABILITY = YES_AGGRESSIVE;
				CLANG_WARN_UNREACHABLE_CODE = YES;
				CLANG_WARN__DUPLICATE_METHOD_MATCH = YES;
				CODE_SIGN_ENTITLEMENTS = ThePerfectPair/SupportingFiles/ThePerfectPair.entitlements;
				COPY_PHASE_STRIP = NO;
				DEBUG_INFORMATION_FORMAT = "dwarf-with-dsym";
				ENABLE_NS_ASSERTIONS = NO;
				ENABLE_STRICT_OBJC_MSGSEND = YES;
				ENABLE_USER_SCRIPT_SANDBOXING = YES;
				GCC_C_LANGUAGE_STANDARD = gnu17;
				GCC_NO_COMMON_BLOCKS = YES;
				GCC_WARN_64_TO_32_BIT_CONVERSION = YES;
				GCC_WARN_ABOUT_RETURN_TYPE = YES_ERROR;
				GCC_WARN_UNDECLARED_SELECTOR = YES;
				GCC_WARN_UNINITIALIZED_AUTOS = YES_AGGRESSIVE;
				GCC_WARN_UNUSED_FUNCTION = YES;
				GCC_WARN_UNUSED_VARIABLE = YES;
				LOCALIZATION_PREFERS_STRING_CATALOGS = YES;
				MTL_ENABLE_DEBUG_INFO = NO;
				MTL_FAST_MATH = YES;
				PRODUCT_NAME = ThePerfectPair;
				SWIFT_COMPILATION_MODE = wholemodule;
			};
			name = Release;
		};
		27C7C3872BBF86A600721D37 /* Debug */ = {
			isa = XCBuildConfiguration;
			buildSettings = {
				ASSETCATALOG_COMPILER_APPICON_NAME = AppIcon;
				ASSETCATALOG_COMPILER_GLOBAL_ACCENT_COLOR_NAME = AccentColor;
				CODE_SIGN_ENTITLEMENTS = ThePerfectPair/SupportingFiles/ThePerfectPair.entitlements;
				CODE_SIGN_STYLE = Automatic;
				CURRENT_PROJECT_VERSION = 1;
				DEVELOPMENT_ASSET_PATHS = "\"ThePerfectPair/Preview Content\"";
				DEVELOPMENT_TEAM = L2Q3UFSD2C;
				ENABLE_HARDENED_RUNTIME = YES;
				ENABLE_PREVIEWS = YES;
				GENERATE_INFOPLIST_FILE = YES;
				INFOPLIST_KEY_CFBundleDisplayName = "The Perfect Pair";
				INFOPLIST_KEY_LSApplicationCategoryType = "public.app-category.food-and-drink";
				"INFOPLIST_KEY_UIApplicationSceneManifest_Generation[sdk=iphoneos*]" = YES;
				"INFOPLIST_KEY_UIApplicationSceneManifest_Generation[sdk=iphonesimulator*]" = YES;
				"INFOPLIST_KEY_UIApplicationSupportsIndirectInputEvents[sdk=iphoneos*]" = YES;
				"INFOPLIST_KEY_UIApplicationSupportsIndirectInputEvents[sdk=iphonesimulator*]" = YES;
				"INFOPLIST_KEY_UILaunchScreen_Generation[sdk=iphoneos*]" = YES;
				"INFOPLIST_KEY_UILaunchScreen_Generation[sdk=iphonesimulator*]" = YES;
				"INFOPLIST_KEY_UIStatusBarStyle[sdk=iphoneos*]" = UIStatusBarStyleDefault;
				"INFOPLIST_KEY_UIStatusBarStyle[sdk=iphonesimulator*]" = UIStatusBarStyleDefault;
				INFOPLIST_KEY_UISupportedInterfaceOrientations_iPad = "UIInterfaceOrientationPortrait UIInterfaceOrientationPortraitUpsideDown UIInterfaceOrientationLandscapeLeft UIInterfaceOrientationLandscapeRight";
				INFOPLIST_KEY_UISupportedInterfaceOrientations_iPhone = "UIInterfaceOrientationPortrait UIInterfaceOrientationLandscapeLeft UIInterfaceOrientationLandscapeRight";
				IPHONEOS_DEPLOYMENT_TARGET = 17.4;
				LD_RUNPATH_SEARCH_PATHS = "@executable_path/Frameworks";
				"LD_RUNPATH_SEARCH_PATHS[sdk=macosx*]" = "@executable_path/../Frameworks";
				MACOSX_DEPLOYMENT_TARGET = 14.0;
				MARKETING_VERSION = 0.1.0;
				PRODUCT_BUNDLE_IDENTIFIER = kylelehmann.ThePerfectPair;
				PRODUCT_MODULE_NAME = ThePerfectPair;
				PRODUCT_NAME = "$(TARGET_NAME)";
				SDKROOT = auto;
				SUPPORTED_PLATFORMS = "iphoneos iphonesimulator";
				SUPPORTS_MACCATALYST = NO;
				SUPPORTS_MAC_DESIGNED_FOR_IPHONE_IPAD = YES;
				SWIFT_EMIT_LOC_STRINGS = YES;
				SWIFT_VERSION = 5.0;
				TARGETED_DEVICE_FAMILY = "1,2";
			};
			name = Debug;
		};
		27C7C3882BBF86A600721D37 /* Release */ = {
			isa = XCBuildConfiguration;
			buildSettings = {
				ASSETCATALOG_COMPILER_APPICON_NAME = AppIcon;
				ASSETCATALOG_COMPILER_GLOBAL_ACCENT_COLOR_NAME = AccentColor;
				CODE_SIGN_ENTITLEMENTS = ThePerfectPair/SupportingFiles/ThePerfectPair.entitlements;
				CODE_SIGN_STYLE = Automatic;
				CURRENT_PROJECT_VERSION = 1;
				DEVELOPMENT_ASSET_PATHS = "\"ThePerfectPair/Preview Content\"";
				DEVELOPMENT_TEAM = L2Q3UFSD2C;
				ENABLE_HARDENED_RUNTIME = YES;
				ENABLE_PREVIEWS = YES;
				GENERATE_INFOPLIST_FILE = YES;
				INFOPLIST_KEY_CFBundleDisplayName = "The Perfect Pair";
				INFOPLIST_KEY_LSApplicationCategoryType = "public.app-category.food-and-drink";
				"INFOPLIST_KEY_UIApplicationSceneManifest_Generation[sdk=iphoneos*]" = YES;
				"INFOPLIST_KEY_UIApplicationSceneManifest_Generation[sdk=iphonesimulator*]" = YES;
				"INFOPLIST_KEY_UIApplicationSupportsIndirectInputEvents[sdk=iphoneos*]" = YES;
				"INFOPLIST_KEY_UIApplicationSupportsIndirectInputEvents[sdk=iphonesimulator*]" = YES;
				"INFOPLIST_KEY_UILaunchScreen_Generation[sdk=iphoneos*]" = YES;
				"INFOPLIST_KEY_UILaunchScreen_Generation[sdk=iphonesimulator*]" = YES;
				"INFOPLIST_KEY_UIStatusBarStyle[sdk=iphoneos*]" = UIStatusBarStyleDefault;
				"INFOPLIST_KEY_UIStatusBarStyle[sdk=iphonesimulator*]" = UIStatusBarStyleDefault;
				INFOPLIST_KEY_UISupportedInterfaceOrientations_iPad = "UIInterfaceOrientationPortrait UIInterfaceOrientationPortraitUpsideDown UIInterfaceOrientationLandscapeLeft UIInterfaceOrientationLandscapeRight";
				INFOPLIST_KEY_UISupportedInterfaceOrientations_iPhone = "UIInterfaceOrientationPortrait UIInterfaceOrientationLandscapeLeft UIInterfaceOrientationLandscapeRight";
				IPHONEOS_DEPLOYMENT_TARGET = 17.4;
				LD_RUNPATH_SEARCH_PATHS = "@executable_path/Frameworks";
				"LD_RUNPATH_SEARCH_PATHS[sdk=macosx*]" = "@executable_path/../Frameworks";
				MACOSX_DEPLOYMENT_TARGET = 14.0;
				MARKETING_VERSION = 0.1.0;
				PRODUCT_BUNDLE_IDENTIFIER = kylelehmann.ThePerfectPair;
				PRODUCT_MODULE_NAME = ThePerfectPair;
				PRODUCT_NAME = "$(TARGET_NAME)";
				SDKROOT = auto;
				SUPPORTED_PLATFORMS = "iphoneos iphonesimulator";
				SUPPORTS_MACCATALYST = NO;
				SUPPORTS_MAC_DESIGNED_FOR_IPHONE_IPAD = YES;
				SWIFT_EMIT_LOC_STRINGS = YES;
				SWIFT_VERSION = 5.0;
				TARGETED_DEVICE_FAMILY = "1,2";
			};
			name = Release;
		};
		27C7C38A2BBF86A600721D37 /* Debug */ = {
			isa = XCBuildConfiguration;
			buildSettings = {
				ALWAYS_EMBED_SWIFT_STANDARD_LIBRARIES = YES;
				BUNDLE_LOADER = "$(TEST_HOST)";
				CLANG_ENABLE_MODULES = YES;
				CODE_SIGN_ENTITLEMENTS = ThePerfectPair/SupportingFiles/ThePerfectPair.entitlements;
				CODE_SIGN_STYLE = Automatic;
				CURRENT_PROJECT_VERSION = 1;
				DEVELOPMENT_TEAM = L2Q3UFSD2C;
				GENERATE_INFOPLIST_FILE = YES;
				IPHONEOS_DEPLOYMENT_TARGET = 17.4;
				MACOSX_DEPLOYMENT_TARGET = 14.4;
				MARKETING_VERSION = 1.0;
				PRODUCT_BUNDLE_IDENTIFIER = "kylelehmann.The-Perfect-PairTests";
				PRODUCT_NAME = "$(TARGET_NAME)";
				SDKROOT = auto;
				SUPPORTED_PLATFORMS = "iphoneos iphonesimulator macosx";
				SWIFT_EMIT_LOC_STRINGS = NO;
				SWIFT_OPTIMIZATION_LEVEL = "-Onone";
				SWIFT_VERSION = 5.0;
				TARGETED_DEVICE_FAMILY = "1,2";
				TEST_HOST = "$(BUILT_PRODUCTS_DIR)/ThePerfectPair.app/$(BUNDLE_EXECUTABLE_FOLDER_PATH)/ThePerfectPair";
			};
			name = Debug;
		};
		27C7C38B2BBF86A600721D37 /* Release */ = {
			isa = XCBuildConfiguration;
			buildSettings = {
				ALWAYS_EMBED_SWIFT_STANDARD_LIBRARIES = YES;
				BUNDLE_LOADER = "$(TEST_HOST)";
				CLANG_ENABLE_MODULES = YES;
				CODE_SIGN_ENTITLEMENTS = ThePerfectPair/SupportingFiles/ThePerfectPair.entitlements;
				CODE_SIGN_STYLE = Automatic;
				CURRENT_PROJECT_VERSION = 1;
				DEVELOPMENT_TEAM = L2Q3UFSD2C;
				GENERATE_INFOPLIST_FILE = YES;
				IPHONEOS_DEPLOYMENT_TARGET = 17.4;
				MACOSX_DEPLOYMENT_TARGET = 14.4;
				MARKETING_VERSION = 1.0;
				PRODUCT_BUNDLE_IDENTIFIER = "kylelehmann.The-Perfect-PairTests";
				PRODUCT_NAME = "$(TARGET_NAME)";
				SDKROOT = auto;
				SUPPORTED_PLATFORMS = "iphoneos iphonesimulator macosx";
				SWIFT_EMIT_LOC_STRINGS = NO;
				SWIFT_VERSION = 5.0;
				TARGETED_DEVICE_FAMILY = "1,2";
				TEST_HOST = "$(BUILT_PRODUCTS_DIR)/ThePerfectPair.app/$(BUNDLE_EXECUTABLE_FOLDER_PATH)/ThePerfectPair";
			};
			name = Release;
		};
		27C7C38D2BBF86A600721D37 /* Debug */ = {
			isa = XCBuildConfiguration;
			buildSettings = {
				ALWAYS_EMBED_SWIFT_STANDARD_LIBRARIES = YES;
				CLANG_ENABLE_MODULES = YES;
				CODE_SIGN_ENTITLEMENTS = ThePerfectPair/SupportingFiles/ThePerfectPair.entitlements;
				CODE_SIGN_STYLE = Automatic;
				CURRENT_PROJECT_VERSION = 1;
				DEVELOPMENT_TEAM = L2Q3UFSD2C;
				GENERATE_INFOPLIST_FILE = YES;
				IPHONEOS_DEPLOYMENT_TARGET = 17.4;
				MACOSX_DEPLOYMENT_TARGET = 14.4;
				MARKETING_VERSION = 1.0;
				PRODUCT_BUNDLE_IDENTIFIER = "kylelehmann.The-Perfect-PairUITests";
				PRODUCT_NAME = "$(TARGET_NAME)";
				SDKROOT = auto;
				SUPPORTED_PLATFORMS = "iphoneos iphonesimulator macosx";
				SWIFT_EMIT_LOC_STRINGS = NO;
				SWIFT_OPTIMIZATION_LEVEL = "-Onone";
				SWIFT_VERSION = 5.0;
				TARGETED_DEVICE_FAMILY = "1,2";
				TEST_TARGET_NAME = "The Perfect Pair";
			};
			name = Debug;
		};
		27C7C38E2BBF86A600721D37 /* Release */ = {
			isa = XCBuildConfiguration;
			buildSettings = {
				ALWAYS_EMBED_SWIFT_STANDARD_LIBRARIES = YES;
				CLANG_ENABLE_MODULES = YES;
				CODE_SIGN_ENTITLEMENTS = ThePerfectPair/SupportingFiles/ThePerfectPair.entitlements;
				CODE_SIGN_STYLE = Automatic;
				CURRENT_PROJECT_VERSION = 1;
				DEVELOPMENT_TEAM = L2Q3UFSD2C;
				GENERATE_INFOPLIST_FILE = YES;
				IPHONEOS_DEPLOYMENT_TARGET = 17.4;
				MACOSX_DEPLOYMENT_TARGET = 14.4;
				MARKETING_VERSION = 1.0;
				PRODUCT_BUNDLE_IDENTIFIER = "kylelehmann.The-Perfect-PairUITests";
				PRODUCT_NAME = "$(TARGET_NAME)";
				SDKROOT = auto;
				SUPPORTED_PLATFORMS = "iphoneos iphonesimulator macosx";
				SWIFT_EMIT_LOC_STRINGS = NO;
				SWIFT_VERSION = 5.0;
				TARGETED_DEVICE_FAMILY = "1,2";
				TEST_TARGET_NAME = "The Perfect Pair";
			};
			name = Release;
		};
/* End XCBuildConfiguration section */

/* Begin XCConfigurationList section */
		27C7C35A2BBF86A500721D37 /* Build configuration list for PBXProject "ThePerfectPair" */ = {
			isa = XCConfigurationList;
			buildConfigurations = (
				27C7C3842BBF86A600721D37 /* Debug */,
				27C7C3852BBF86A600721D37 /* Release */,
			);
			defaultConfigurationIsVisible = 0;
			defaultConfigurationName = Release;
		};
		27C7C3862BBF86A600721D37 /* Build configuration list for PBXNativeTarget "ThePerfectPair" */ = {
			isa = XCConfigurationList;
			buildConfigurations = (
				27C7C3872BBF86A600721D37 /* Debug */,
				27C7C3882BBF86A600721D37 /* Release */,
			);
			defaultConfigurationIsVisible = 0;
			defaultConfigurationName = Release;
		};
		27C7C3892BBF86A600721D37 /* Build configuration list for PBXNativeTarget "ThePerfectPairTests" */ = {
			isa = XCConfigurationList;
			buildConfigurations = (
				27C7C38A2BBF86A600721D37 /* Debug */,
				27C7C38B2BBF86A600721D37 /* Release */,
			);
			defaultConfigurationIsVisible = 0;
			defaultConfigurationName = Release;
		};
		27C7C38C2BBF86A600721D37 /* Build configuration list for PBXNativeTarget "ThePerfectPairUITests" */ = {
			isa = XCConfigurationList;
			buildConfigurations = (
				27C7C38D2BBF86A600721D37 /* Debug */,
				27C7C38E2BBF86A600721D37 /* Release */,
			);
			defaultConfigurationIsVisible = 0;
			defaultConfigurationName = Release;
		};
/* End XCConfigurationList section */
	};
	rootObject = 27C7C3572BBF86A500721D37 /* Project object */;
}
