// !$*UTF8*$!
{
	archiveVersion = 1;
	classes = {
	};
	objectVersion = 56;
	objects = {

/* Begin PBXBuildFile section */
		27C7C3632BBF86A500721D37 /* The_Perfect_PairApp.swift in Sources */ = {isa = PBXBuildFile; fileRef = 27C7C3622BBF86A500721D37 /* The_Perfect_PairApp.swift */; };
		27C7C3652BBF86A500721D37 /* ContentView.swift in Sources */ = {isa = PBXBuildFile; fileRef = 27C7C3642BBF86A500721D37 /* ContentView.swift */; };
		27C7C3672BBF86A500721D37 /* Item.swift in Sources */ = {isa = PBXBuildFile; fileRef = 27C7C3662BBF86A500721D37 /* Item.swift */; };
		27C7C3692BBF86A600721D37 /* Assets.xcassets in Resources */ = {isa = PBXBuildFile; fileRef = 27C7C3682BBF86A600721D37 /* Assets.xcassets */; };
		27C7C36D2BBF86A600721D37 /* Preview Assets.xcassets in Resources */ = {isa = PBXBuildFile; fileRef = 27C7C36C2BBF86A600721D37 /* Preview Assets.xcassets */; };
		27C7C3772BBF86A600721D37 /* The_Perfect_PairTests.swift in Sources */ = {isa = PBXBuildFile; fileRef = 27C7C3762BBF86A600721D37 /* The_Perfect_PairTests.swift */; };
		27C7C3812BBF86A600721D37 /* The_Perfect_PairUITests.swift in Sources */ = {isa = PBXBuildFile; fileRef = 27C7C3802BBF86A600721D37 /* The_Perfect_PairUITests.swift */; };
		27C7C3832BBF86A600721D37 /* The_Perfect_PairUITestsLaunchTests.swift in Sources */ = {isa = PBXBuildFile; fileRef = 27C7C3822BBF86A600721D37 /* The_Perfect_PairUITestsLaunchTests.swift */; };
/* End PBXBuildFile section */

/* Begin PBXContainerItemProxy section */
		27C7C3732BBF86A600721D37 /* PBXContainerItemProxy */ = {
			isa = PBXContainerItemProxy;
			containerPortal = 27C7C3572BBF86A500721D37 /* Project object */;
			proxyType = 1;
			remoteGlobalIDString = 27C7C35E2BBF86A500721D37;
			remoteInfo = "The Perfect Pair";
		};
		27C7C37D2BBF86A600721D37 /* PBXContainerItemProxy */ = {
			isa = PBXContainerItemProxy;
			containerPortal = 27C7C3572BBF86A500721D37 /* Project object */;
			proxyType = 1;
			remoteGlobalIDString = 27C7C35E2BBF86A500721D37;
			remoteInfo = "The Perfect Pair";
		};
/* End PBXContainerItemProxy section */

/* Begin PBXFileReference section */
		27C7C35F2BBF86A500721D37 /* The Perfect Pair.app */ = {isa = PBXFileReference; explicitFileType = wrapper.application; includeInIndex = 0; path = "The Perfect Pair.app"; sourceTree = BUILT_PRODUCTS_DIR; };
		27C7C3622BBF86A500721D37 /* The_Perfect_PairApp.swift */ = {isa = PBXFileReference; lastKnownFileType = sourcecode.swift; path = The_Perfect_PairApp.swift; sourceTree = "<group>"; };
		27C7C3642BBF86A500721D37 /* ContentView.swift */ = {isa = PBXFileReference; lastKnownFileType = sourcecode.swift; path = ContentView.swift; sourceTree = "<group>"; };
		27C7C3662BBF86A500721D37 /* Item.swift */ = {isa = PBXFileReference; lastKnownFileType = sourcecode.swift; path = Item.swift; sourceTree = "<group>"; };
		27C7C3682BBF86A600721D37 /* Assets.xcassets */ = {isa = PBXFileReference; lastKnownFileType = folder.assetcatalog; path = Assets.xcassets; sourceTree = "<group>"; };
		27C7C36A2BBF86A600721D37 /* The_Perfect_Pair.entitlements */ = {isa = PBXFileReference; lastKnownFileType = text.plist.entitlements; path = The_Perfect_Pair.entitlements; sourceTree = "<group>"; };
		27C7C36C2BBF86A600721D37 /* Preview Assets.xcassets */ = {isa = PBXFileReference; lastKnownFileType = folder.assetcatalog; path = "Preview Assets.xcassets"; sourceTree = "<group>"; };
		27C7C3722BBF86A600721D37 /* The Perfect PairTests.xctest */ = {isa = PBXFileReference; explicitFileType = wrapper.cfbundle; includeInIndex = 0; path = "The Perfect PairTests.xctest"; sourceTree = BUILT_PRODUCTS_DIR; };
		27C7C3762BBF86A600721D37 /* The_Perfect_PairTests.swift */ = {isa = PBXFileReference; lastKnownFileType = sourcecode.swift; path = The_Perfect_PairTests.swift; sourceTree = "<group>"; };
		27C7C37C2BBF86A600721D37 /* The Perfect PairUITests.xctest */ = {isa = PBXFileReference; explicitFileType = wrapper.cfbundle; includeInIndex = 0; path = "The Perfect PairUITests.xctest"; sourceTree = BUILT_PRODUCTS_DIR; };
		27C7C3802BBF86A600721D37 /* The_Perfect_PairUITests.swift */ = {isa = PBXFileReference; lastKnownFileType = sourcecode.swift; path = The_Perfect_PairUITests.swift; sourceTree = "<group>"; };
		27C7C3822BBF86A600721D37 /* The_Perfect_PairUITestsLaunchTests.swift */ = {isa = PBXFileReference; lastKnownFileType = sourcecode.swift; path = The_Perfect_PairUITestsLaunchTests.swift; sourceTree = "<group>"; };
/* End PBXFileReference section */

/* Begin PBXFrameworksBuildPhase section */
		27C7C35C2BBF86A500721D37 /* Frameworks */ = {
			isa = PBXFrameworksBuildPhase;
			buildActionMask = 2147483647;
			files = (
			);
			runOnlyForDeploymentPostprocessing = 0;
		};
		27C7C36F2BBF86A600721D37 /* Frameworks */ = {
			isa = PBXFrameworksBuildPhase;
			buildActionMask = 2147483647;
			files = (
			);
			runOnlyForDeploymentPostprocessing = 0;
		};
		27C7C3792BBF86A600721D37 /* Frameworks */ = {
			isa = PBXFrameworksBuildPhase;
			buildActionMask = 2147483647;
			files = (
			);
			runOnlyForDeploymentPostprocessing = 0;
		};
/* End PBXFrameworksBuildPhase section */

/* Begin PBXGroup section */
		27C7C3562BBF86A500721D37 = {
			isa = PBXGroup;
			children = (
				27C7C3612BBF86A500721D37 /* The Perfect Pair */,
				27C7C3752BBF86A600721D37 /* The Perfect PairTests */,
				27C7C37F2BBF86A600721D37 /* The Perfect PairUITests */,
				27C7C3602BBF86A500721D37 /* Products */,
			);
			sourceTree = "<group>";
		};
		27C7C3602BBF86A500721D37 /* Products */ = {
			isa = PBXGroup;
			children = (
				27C7C35F2BBF86A500721D37 /* The Perfect Pair.app */,
				27C7C3722BBF86A600721D37 /* The Perfect PairTests.xctest */,
				27C7C37C2BBF86A600721D37 /* The Perfect PairUITests.xctest */,
			);
			name = Products;
			sourceTree = "<group>";
		};
		27C7C3612BBF86A500721D37 /* The Perfect Pair */ = {
			isa = PBXGroup;
			children = (
				27C7C3622BBF86A500721D37 /* The_Perfect_PairApp.swift */,
				27C7C3642BBF86A500721D37 /* ContentView.swift */,
				27C7C3662BBF86A500721D37 /* Item.swift */,
				27C7C3682BBF86A600721D37 /* Assets.xcassets */,
				27C7C36A2BBF86A600721D37 /* The_Perfect_Pair.entitlements */,
				27C7C36B2BBF86A600721D37 /* Preview Content */,
			);
			path = "The Perfect Pair";
			sourceTree = "<group>";
		};
		27C7C36B2BBF86A600721D37 /* Preview Content */ = {
			isa = PBXGroup;
			children = (
				27C7C36C2BBF86A600721D37 /* Preview Assets.xcassets */,
			);
			path = "Preview Content";
			sourceTree = "<group>";
		};
		27C7C3752BBF86A600721D37 /* The Perfect PairTests */ = {
			isa = PBXGroup;
			children = (
				27C7C3762BBF86A600721D37 /* The_Perfect_PairTests.swift */,
			);
			path = "The Perfect PairTests";
			sourceTree = "<group>";
		};
		27C7C37F2BBF86A600721D37 /* The Perfect PairUITests */ = {
			isa = PBXGroup;
			children = (
				27C7C3802BBF86A600721D37 /* The_Perfect_PairUITests.swift */,
				27C7C3822BBF86A600721D37 /* The_Perfect_PairUITestsLaunchTests.swift */,
			);
			path = "The Perfect PairUITests";
			sourceTree = "<group>";
		};
/* End PBXGroup section */

/* Begin PBXNativeTarget section */
		27C7C35E2BBF86A500721D37 /* The Perfect Pair */ = {
			isa = PBXNativeTarget;
			buildConfigurationList = 27C7C3862BBF86A600721D37 /* Build configuration list for PBXNativeTarget "The Perfect Pair" */;
			buildPhases = (
				27C7C35B2BBF86A500721D37 /* Sources */,
				27C7C35C2BBF86A500721D37 /* Frameworks */,
				27C7C35D2BBF86A500721D37 /* Resources */,
			);
			buildRules = (
			);
			dependencies = (
			);
			name = "The Perfect Pair";
			productName = "The Perfect Pair";
			productReference = 27C7C35F2BBF86A500721D37 /* The Perfect Pair.app */;
			productType = "com.apple.product-type.application";
		};
		27C7C3712BBF86A600721D37 /* The Perfect PairTests */ = {
			isa = PBXNativeTarget;
			buildConfigurationList = 27C7C3892BBF86A600721D37 /* Build configuration list for PBXNativeTarget "The Perfect PairTests" */;
			buildPhases = (
				27C7C36E2BBF86A600721D37 /* Sources */,
				27C7C36F2BBF86A600721D37 /* Frameworks */,
				27C7C3702BBF86A600721D37 /* Resources */,
			);
			buildRules = (
			);
			dependencies = (
				27C7C3742BBF86A600721D37 /* PBXTargetDependency */,
			);
			name = "The Perfect PairTests";
			productName = "The Perfect PairTests";
			productReference = 27C7C3722BBF86A600721D37 /* The Perfect PairTests.xctest */;
			productType = "com.apple.product-type.bundle.unit-test";
		};
		27C7C37B2BBF86A600721D37 /* The Perfect PairUITests */ = {
			isa = PBXNativeTarget;
			buildConfigurationList = 27C7C38C2BBF86A600721D37 /* Build configuration list for PBXNativeTarget "The Perfect PairUITests" */;
			buildPhases = (
				27C7C3782BBF86A600721D37 /* Sources */,
				27C7C3792BBF86A600721D37 /* Frameworks */,
				27C7C37A2BBF86A600721D37 /* Resources */,
			);
			buildRules = (
			);
			dependencies = (
				27C7C37E2BBF86A600721D37 /* PBXTargetDependency */,
			);
			name = "The Perfect PairUITests";
			productName = "The Perfect PairUITests";
			productReference = 27C7C37C2BBF86A600721D37 /* The Perfect PairUITests.xctest */;
			productType = "com.apple.product-type.bundle.ui-testing";
		};
/* End PBXNativeTarget section */

/* Begin PBXProject section */
		27C7C3572BBF86A500721D37 /* Project object */ = {
			isa = PBXProject;
			attributes = {
				BuildIndependentTargetsInParallel = 1;
				LastSwiftUpdateCheck = 1530;
				LastUpgradeCheck = 1530;
				TargetAttributes = {
					27C7C35E2BBF86A500721D37 = {
						CreatedOnToolsVersion = 15.3;
					};
					27C7C3712BBF86A600721D37 = {
						CreatedOnToolsVersion = 15.3;
						TestTargetID = 27C7C35E2BBF86A500721D37;
					};
					27C7C37B2BBF86A600721D37 = {
						CreatedOnToolsVersion = 15.3;
						TestTargetID = 27C7C35E2BBF86A500721D37;
					};
				};
			};
			buildConfigurationList = 27C7C35A2BBF86A500721D37 /* Build configuration list for PBXProject "The Perfect Pair" */;
			compatibilityVersion = "Xcode 14.0";
			developmentRegion = en;
			hasScannedForEncodings = 0;
			knownRegions = (
				en,
				Base,
			);
			mainGroup = 27C7C3562BBF86A500721D37;
			productRefGroup = 27C7C3602BBF86A500721D37 /* Products */;
			projectDirPath = "";
			projectRoot = "";
			targets = (
				27C7C35E2BBF86A500721D37 /* The Perfect Pair */,
				27C7C3712BBF86A600721D37 /* The Perfect PairTests */,
				27C7C37B2BBF86A600721D37 /* The Perfect PairUITests */,
			);
		};
/* End PBXProject section */

/* Begin PBXResourcesBuildPhase section */
		27C7C35D2BBF86A500721D37 /* Resources */ = {
			isa = PBXResourcesBuildPhase;
			buildActionMask = 2147483647;
			files = (
				27C7C36D2BBF86A600721D37 /* Preview Assets.xcassets in Resources */,
				27C7C3692BBF86A600721D37 /* Assets.xcassets in Resources */,
			);
			runOnlyForDeploymentPostprocessing = 0;
		};
		27C7C3702BBF86A600721D37 /* Resources */ = {
			isa = PBXResourcesBuildPhase;
			buildActionMask = 2147483647;
			files = (
			);
			runOnlyForDeploymentPostprocessing = 0;
		};
		27C7C37A2BBF86A600721D37 /* Resources */ = {
			isa = PBXResourcesBuildPhase;
			buildActionMask = 2147483647;
			files = (
			);
			runOnlyForDeploymentPostprocessing = 0;
		};
/* End PBXResourcesBuildPhase section */

/* Begin PBXSourcesBuildPhase section */
		27C7C35B2BBF86A500721D37 /* Sources */ = {
			isa = PBXSourcesBuildPhase;
			buildActionMask = 2147483647;
			files = (
				27C7C3652BBF86A500721D37 /* ContentView.swift in Sources */,
				27C7C3672BBF86A500721D37 /* Item.swift in Sources */,
				27C7C3632BBF86A500721D37 /* The_Perfect_PairApp.swift in Sources */,
			);
			runOnlyForDeploymentPostprocessing = 0;
		};
		27C7C36E2BBF86A600721D37 /* Sources */ = {
			isa = PBXSourcesBuildPhase;
			buildActionMask = 2147483647;
			files = (
				27C7C3772BBF86A600721D37 /* The_Perfect_PairTests.swift in Sources */,
			);
			runOnlyForDeploymentPostprocessing = 0;
		};
		27C7C3782BBF86A600721D37 /* Sources */ = {
			isa = PBXSourcesBuildPhase;
			buildActionMask = 2147483647;
			files = (
				27C7C3832BBF86A600721D37 /* The_Perfect_PairUITestsLaunchTests.swift in Sources */,
				27C7C3812BBF86A600721D37 /* The_Perfect_PairUITests.swift in Sources */,
			);
			runOnlyForDeploymentPostprocessing = 0;
		};
/* End PBXSourcesBuildPhase section */

/* Begin PBXTargetDependency section */
		27C7C3742BBF86A600721D37 /* PBXTargetDependency */ = {
			isa = PBXTargetDependency;
			target = 27C7C35E2BBF86A500721D37 /* The Perfect Pair */;
			targetProxy = 27C7C3732BBF86A600721D37 /* PBXContainerItemProxy */;
		};
		27C7C37E2BBF86A600721D37 /* PBXTargetDependency */ = {
			isa = PBXTargetDependency;
			target = 27C7C35E2BBF86A500721D37 /* The Perfect Pair */;
			targetProxy = 27C7C37D2BBF86A600721D37 /* PBXContainerItemProxy */;
		};
/* End PBXTargetDependency section */

/* Begin XCBuildConfiguration section */
		27C7C3842BBF86A600721D37 /* Debug */ = {
			isa = XCBuildConfiguration;
			buildSettings = {
				ALWAYS_SEARCH_USER_PATHS = NO;
				ASSETCATALOG_COMPILER_GENERATE_SWIFT_ASSET_SYMBOL_EXTENSIONS = YES;
				CLANG_ANALYZER_NONNULL = YES;
				CLANG_ANALYZER_NUMBER_OBJECT_CONVERSION = YES_AGGRESSIVE;
				CLANG_CXX_LANGUAGE_STANDARD = "gnu++20";
				CLANG_ENABLE_MODULES = YES;
				CLANG_ENABLE_OBJC_ARC = YES;
				CLANG_ENABLE_OBJC_WEAK = YES;
				CLANG_WARN_BLOCK_CAPTURE_AUTORELEASING = YES;
				CLANG_WARN_BOOL_CONVERSION = YES;
				CLANG_WARN_COMMA = YES;
				CLANG_WARN_CONSTANT_CONVERSION = YES;
				CLANG_WARN_DEPRECATED_OBJC_IMPLEMENTATIONS = YES;
				CLANG_WARN_DIRECT_OBJC_ISA_USAGE = YES_ERROR;
				CLANG_WARN_DOCUMENTATION_COMMENTS = YES;
				CLANG_WARN_EMPTY_BODY = YES;
				CLANG_WARN_ENUM_CONVERSION = YES;
				CLANG_WARN_INFINITE_RECURSION = YES;
				CLANG_WARN_INT_CONVERSION = YES;
				CLANG_WARN_NON_LITERAL_NULL_CONVERSION = YES;
				CLANG_WARN_OBJC_IMPLICIT_RETAIN_SELF = YES;
				CLANG_WARN_OBJC_LITERAL_CONVERSION = YES;
				CLANG_WARN_OBJC_ROOT_CLASS = YES_ERROR;
				CLANG_WARN_QUOTED_INCLUDE_IN_FRAMEWORK_HEADER = YES;
				CLANG_WARN_RANGE_LOOP_ANALYSIS = YES;
				CLANG_WARN_STRICT_PROTOTYPES = YES;
				CLANG_WARN_SUSPICIOUS_MOVE = YES;
				CLANG_WARN_UNGUARDED_AVAILABILITY = YES_AGGRESSIVE;
				CLANG_WARN_UNREACHABLE_CODE = YES;
				CLANG_WARN__DUPLICATE_METHOD_MATCH = YES;
				COPY_PHASE_STRIP = NO;
				DEBUG_INFORMATION_FORMAT = dwarf;
				ENABLE_STRICT_OBJC_MSGSEND = YES;
				ENABLE_TESTABILITY = YES;
				ENABLE_USER_SCRIPT_SANDBOXING = YES;
				GCC_C_LANGUAGE_STANDARD = gnu17;
				GCC_DYNAMIC_NO_PIC = NO;
				GCC_NO_COMMON_BLOCKS = YES;
				GCC_OPTIMIZATION_LEVEL = 0;
				GCC_PREPROCESSOR_DEFINITIONS = (
					"DEBUG=1",
					"$(inherited)",
				);
				GCC_WARN_64_TO_32_BIT_CONVERSION = YES;
				GCC_WARN_ABOUT_RETURN_TYPE = YES_ERROR;
				GCC_WARN_UNDECLARED_SELECTOR = YES;
				GCC_WARN_UNINITIALIZED_AUTOS = YES_AGGRESSIVE;
				GCC_WARN_UNUSED_FUNCTION = YES;
				GCC_WARN_UNUSED_VARIABLE = YES;
				LOCALIZATION_PREFERS_STRING_CATALOGS = YES;
				MTL_ENABLE_DEBUG_INFO = INCLUDE_SOURCE;
				MTL_FAST_MATH = YES;
				ONLY_ACTIVE_ARCH = YES;
				SWIFT_ACTIVE_COMPILATION_CONDITIONS = "DEBUG $(inherited)";
				SWIFT_OPTIMIZATION_LEVEL = "-Onone";
			};
			name = Debug;
		};
		27C7C3852BBF86A600721D37 /* Release */ = {
			isa = XCBuildConfiguration;
			buildSettings = {
				ALWAYS_SEARCH_USER_PATHS = NO;
				ASSETCATALOG_COMPILER_GENERATE_SWIFT_ASSET_SYMBOL_EXTENSIONS = YES;
				CLANG_ANALYZER_NONNULL = YES;
				CLANG_ANALYZER_NUMBER_OBJECT_CONVERSION = YES_AGGRESSIVE;
				CLANG_CXX_LANGUAGE_STANDARD = "gnu++20";
				CLANG_ENABLE_MODULES = YES;
				CLANG_ENABLE_OBJC_ARC = YES;
				CLANG_ENABLE_OBJC_WEAK = YES;
				CLANG_WARN_BLOCK_CAPTURE_AUTORELEASING = YES;
				CLANG_WARN_BOOL_CONVERSION = YES;
				CLANG_WARN_COMMA = YES;
				CLANG_WARN_CONSTANT_CONVERSION = YES;
				CLANG_WARN_DEPRECATED_OBJC_IMPLEMENTATIONS = YES;
				CLANG_WARN_DIRECT_OBJC_ISA_USAGE = YES_ERROR;
				CLANG_WARN_DOCUMENTATION_COMMENTS = YES;
				CLANG_WARN_EMPTY_BODY = YES;
				CLANG_WARN_ENUM_CONVERSION = YES;
				CLANG_WARN_INFINITE_RECURSION = YES;
				CLANG_WARN_INT_CONVERSION = YES;
				CLANG_WARN_NON_LITERAL_NULL_CONVERSION = YES;
				CLANG_WARN_OBJC_IMPLICIT_RETAIN_SELF = YES;
				CLANG_WARN_OBJC_LITERAL_CONVERSION = YES;
				CLANG_WARN_OBJC_ROOT_CLASS = YES_ERROR;
				CLANG_WARN_QUOTED_INCLUDE_IN_FRAMEWORK_HEADER = YES;
				CLANG_WARN_RANGE_LOOP_ANALYSIS = YES;
				CLANG_WARN_STRICT_PROTOTYPES = YES;
				CLANG_WARN_SUSPICIOUS_MOVE = YES;
				CLANG_WARN_UNGUARDED_AVAILABILITY = YES_AGGRESSIVE;
				CLANG_WARN_UNREACHABLE_CODE = YES;
				CLANG_WARN__DUPLICATE_METHOD_MATCH = YES;
				COPY_PHASE_STRIP = NO;
				DEBUG_INFORMATION_FORMAT = "dwarf-with-dsym";
				ENABLE_NS_ASSERTIONS = NO;
				ENABLE_STRICT_OBJC_MSGSEND = YES;
				ENABLE_USER_SCRIPT_SANDBOXING = YES;
				GCC_C_LANGUAGE_STANDARD = gnu17;
				GCC_NO_COMMON_BLOCKS = YES;
				GCC_WARN_64_TO_32_BIT_CONVERSION = YES;
				GCC_WARN_ABOUT_RETURN_TYPE = YES_ERROR;
				GCC_WARN_UNDECLARED_SELECTOR = YES;
				GCC_WARN_UNINITIALIZED_AUTOS = YES_AGGRESSIVE;
				GCC_WARN_UNUSED_FUNCTION = YES;
				GCC_WARN_UNUSED_VARIABLE = YES;
				LOCALIZATION_PREFERS_STRING_CATALOGS = YES;
				MTL_ENABLE_DEBUG_INFO = NO;
				MTL_FAST_MATH = YES;
				SWIFT_COMPILATION_MODE = wholemodule;
			};
			name = Release;
		};
		27C7C3872BBF86A600721D37 /* Debug */ = {
			isa = XCBuildConfiguration;
			buildSettings = {
				ASSETCATALOG_COMPILER_APPICON_NAME = AppIcon;
				ASSETCATALOG_COMPILER_GLOBAL_ACCENT_COLOR_NAME = AccentColor;
				CODE_SIGN_ENTITLEMENTS = "The Perfect Pair/The_Perfect_Pair.entitlements";
				CODE_SIGN_STYLE = Automatic;
				CURRENT_PROJECT_VERSION = 1;
				DEVELOPMENT_ASSET_PATHS = "\"The Perfect Pair/Preview Content\"";
				DEVELOPMENT_TEAM = L2Q3UFSD2C;
				ENABLE_HARDENED_RUNTIME = YES;
				ENABLE_PREVIEWS = YES;
				GENERATE_INFOPLIST_FILE = YES;
				"INFOPLIST_KEY_UIApplicationSceneManifest_Generation[sdk=iphoneos*]" = YES;
				"INFOPLIST_KEY_UIApplicationSceneManifest_Generation[sdk=iphonesimulator*]" = YES;
				"INFOPLIST_KEY_UIApplicationSupportsIndirectInputEvents[sdk=iphoneos*]" = YES;
				"INFOPLIST_KEY_UIApplicationSupportsIndirectInputEvents[sdk=iphonesimulator*]" = YES;
				"INFOPLIST_KEY_UILaunchScreen_Generation[sdk=iphoneos*]" = YES;
				"INFOPLIST_KEY_UILaunchScreen_Generation[sdk=iphonesimulator*]" = YES;
				"INFOPLIST_KEY_UIStatusBarStyle[sdk=iphoneos*]" = UIStatusBarStyleDefault;
				"INFOPLIST_KEY_UIStatusBarStyle[sdk=iphonesimulator*]" = UIStatusBarStyleDefault;
				INFOPLIST_KEY_UISupportedInterfaceOrientations_iPad = "UIInterfaceOrientationPortrait UIInterfaceOrientationPortraitUpsideDown UIInterfaceOrientationLandscapeLeft UIInterfaceOrientationLandscapeRight";
				INFOPLIST_KEY_UISupportedInterfaceOrientations_iPhone = "UIInterfaceOrientationPortrait UIInterfaceOrientationLandscapeLeft UIInterfaceOrientationLandscapeRight";
				IPHONEOS_DEPLOYMENT_TARGET = 17.4;
				LD_RUNPATH_SEARCH_PATHS = "@executable_path/Frameworks";
				"LD_RUNPATH_SEARCH_PATHS[sdk=macosx*]" = "@executable_path/../Frameworks";
				MACOSX_DEPLOYMENT_TARGET = 14.0;
				MARKETING_VERSION = 1.0;
				PRODUCT_BUNDLE_IDENTIFIER = "kylelehmann.The-Perfect-Pair";
				PRODUCT_NAME = "$(TARGET_NAME)";
				SDKROOT = auto;
				SUPPORTED_PLATFORMS = "iphoneos iphonesimulator macosx";
				SWIFT_EMIT_LOC_STRINGS = YES;
				SWIFT_VERSION = 5.0;
				TARGETED_DEVICE_FAMILY = "1,2";
			};
			name = Debug;
		};
		27C7C3882BBF86A600721D37 /* Release */ = {
			isa = XCBuildConfiguration;
			buildSettings = {
				ASSETCATALOG_COMPILER_APPICON_NAME = AppIcon;
				ASSETCATALOG_COMPILER_GLOBAL_ACCENT_COLOR_NAME = AccentColor;
				CODE_SIGN_ENTITLEMENTS = "The Perfect Pair/The_Perfect_Pair.entitlements";
				CODE_SIGN_STYLE = Automatic;
				CURRENT_PROJECT_VERSION = 1;
				DEVELOPMENT_ASSET_PATHS = "\"The Perfect Pair/Preview Content\"";
				DEVELOPMENT_TEAM = L2Q3UFSD2C;
				ENABLE_HARDENED_RUNTIME = YES;
				ENABLE_PREVIEWS = YES;
				GENERATE_INFOPLIST_FILE = YES;
				"INFOPLIST_KEY_UIApplicationSceneManifest_Generation[sdk=iphoneos*]" = YES;
				"INFOPLIST_KEY_UIApplicationSceneManifest_Generation[sdk=iphonesimulator*]" = YES;
				"INFOPLIST_KEY_UIApplicationSupportsIndirectInputEvents[sdk=iphoneos*]" = YES;
				"INFOPLIST_KEY_UIApplicationSupportsIndirectInputEvents[sdk=iphonesimulator*]" = YES;
				"INFOPLIST_KEY_UILaunchScreen_Generation[sdk=iphoneos*]" = YES;
				"INFOPLIST_KEY_UILaunchScreen_Generation[sdk=iphonesimulator*]" = YES;
				"INFOPLIST_KEY_UIStatusBarStyle[sdk=iphoneos*]" = UIStatusBarStyleDefault;
				"INFOPLIST_KEY_UIStatusBarStyle[sdk=iphonesimulator*]" = UIStatusBarStyleDefault;
				INFOPLIST_KEY_UISupportedInterfaceOrientations_iPad = "UIInterfaceOrientationPortrait UIInterfaceOrientationPortraitUpsideDown UIInterfaceOrientationLandscapeLeft UIInterfaceOrientationLandscapeRight";
				INFOPLIST_KEY_UISupportedInterfaceOrientations_iPhone = "UIInterfaceOrientationPortrait UIInterfaceOrientationLandscapeLeft UIInterfaceOrientationLandscapeRight";
				IPHONEOS_DEPLOYMENT_TARGET = 17.4;
				LD_RUNPATH_SEARCH_PATHS = "@executable_path/Frameworks";
				"LD_RUNPATH_SEARCH_PATHS[sdk=macosx*]" = "@executable_path/../Frameworks";
				MACOSX_DEPLOYMENT_TARGET = 14.0;
				MARKETING_VERSION = 1.0;
				PRODUCT_BUNDLE_IDENTIFIER = "kylelehmann.The-Perfect-Pair";
				PRODUCT_NAME = "$(TARGET_NAME)";
				SDKROOT = auto;
				SUPPORTED_PLATFORMS = "iphoneos iphonesimulator macosx";
				SWIFT_EMIT_LOC_STRINGS = YES;
				SWIFT_VERSION = 5.0;
				TARGETED_DEVICE_FAMILY = "1,2";
			};
			name = Release;
		};
		27C7C38A2BBF86A600721D37 /* Debug */ = {
			isa = XCBuildConfiguration;
			buildSettings = {
				ALWAYS_EMBED_SWIFT_STANDARD_LIBRARIES = YES;
				BUNDLE_LOADER = "$(TEST_HOST)";
				CODE_SIGN_STYLE = Automatic;
				CURRENT_PROJECT_VERSION = 1;
				DEVELOPMENT_TEAM = L2Q3UFSD2C;
				GENERATE_INFOPLIST_FILE = YES;
				IPHONEOS_DEPLOYMENT_TARGET = 17.4;
				MACOSX_DEPLOYMENT_TARGET = 14.4;
				MARKETING_VERSION = 1.0;
				PRODUCT_BUNDLE_IDENTIFIER = "kylelehmann.The-Perfect-PairTests";
				PRODUCT_NAME = "$(TARGET_NAME)";
				SDKROOT = auto;
				SUPPORTED_PLATFORMS = "iphoneos iphonesimulator macosx";
				SWIFT_EMIT_LOC_STRINGS = NO;
				SWIFT_VERSION = 5.0;
				TARGETED_DEVICE_FAMILY = "1,2";
				TEST_HOST = "$(BUILT_PRODUCTS_DIR)/The Perfect Pair.app/$(BUNDLE_EXECUTABLE_FOLDER_PATH)/The Perfect Pair";
			};
			name = Debug;
		};
		27C7C38B2BBF86A600721D37 /* Release */ = {
			isa = XCBuildConfiguration;
			buildSettings = {
				ALWAYS_EMBED_SWIFT_STANDARD_LIBRARIES = YES;
				BUNDLE_LOADER = "$(TEST_HOST)";
				CODE_SIGN_STYLE = Automatic;
				CURRENT_PROJECT_VERSION = 1;
				DEVELOPMENT_TEAM = L2Q3UFSD2C;
				GENERATE_INFOPLIST_FILE = YES;
				IPHONEOS_DEPLOYMENT_TARGET = 17.4;
				MACOSX_DEPLOYMENT_TARGET = 14.4;
				MARKETING_VERSION = 1.0;
				PRODUCT_BUNDLE_IDENTIFIER = "kylelehmann.The-Perfect-PairTests";
				PRODUCT_NAME = "$(TARGET_NAME)";
				SDKROOT = auto;
				SUPPORTED_PLATFORMS = "iphoneos iphonesimulator macosx";
				SWIFT_EMIT_LOC_STRINGS = NO;
				SWIFT_VERSION = 5.0;
				TARGETED_DEVICE_FAMILY = "1,2";
				TEST_HOST = "$(BUILT_PRODUCTS_DIR)/The Perfect Pair.app/$(BUNDLE_EXECUTABLE_FOLDER_PATH)/The Perfect Pair";
			};
			name = Release;
		};
		27C7C38D2BBF86A600721D37 /* Debug */ = {
			isa = XCBuildConfiguration;
			buildSettings = {
				ALWAYS_EMBED_SWIFT_STANDARD_LIBRARIES = YES;
				CODE_SIGN_STYLE = Automatic;
				CURRENT_PROJECT_VERSION = 1;
				DEVELOPMENT_TEAM = L2Q3UFSD2C;
				GENERATE_INFOPLIST_FILE = YES;
				IPHONEOS_DEPLOYMENT_TARGET = 17.4;
				MACOSX_DEPLOYMENT_TARGET = 14.4;
				MARKETING_VERSION = 1.0;
				PRODUCT_BUNDLE_IDENTIFIER = "kylelehmann.The-Perfect-PairUITests";
				PRODUCT_NAME = "$(TARGET_NAME)";
				SDKROOT = auto;
				SUPPORTED_PLATFORMS = "iphoneos iphonesimulator macosx";
				SWIFT_EMIT_LOC_STRINGS = NO;
				SWIFT_VERSION = 5.0;
				TARGETED_DEVICE_FAMILY = "1,2";
				TEST_TARGET_NAME = "The Perfect Pair";
			};
			name = Debug;
		};
		27C7C38E2BBF86A600721D37 /* Release */ = {
			isa = XCBuildConfiguration;
			buildSettings = {
				ALWAYS_EMBED_SWIFT_STANDARD_LIBRARIES = YES;
				CODE_SIGN_STYLE = Automatic;
				CURRENT_PROJECT_VERSION = 1;
				DEVELOPMENT_TEAM = L2Q3UFSD2C;
				GENERATE_INFOPLIST_FILE = YES;
				IPHONEOS_DEPLOYMENT_TARGET = 17.4;
				MACOSX_DEPLOYMENT_TARGET = 14.4;
				MARKETING_VERSION = 1.0;
				PRODUCT_BUNDLE_IDENTIFIER = "kylelehmann.The-Perfect-PairUITests";
				PRODUCT_NAME = "$(TARGET_NAME)";
				SDKROOT = auto;
				SUPPORTED_PLATFORMS = "iphoneos iphonesimulator macosx";
				SWIFT_EMIT_LOC_STRINGS = NO;
				SWIFT_VERSION = 5.0;
				TARGETED_DEVICE_FAMILY = "1,2";
				TEST_TARGET_NAME = "The Perfect Pair";
			};
			name = Release;
		};
/* End XCBuildConfiguration section */

/* Begin XCConfigurationList section */
		27C7C35A2BBF86A500721D37 /* Build configuration list for PBXProject "The Perfect Pair" */ = {
			isa = XCConfigurationList;
			buildConfigurations = (
				27C7C3842BBF86A600721D37 /* Debug */,
				27C7C3852BBF86A600721D37 /* Release */,
			);
			defaultConfigurationIsVisible = 0;
			defaultConfigurationName = Release;
		};
		27C7C3862BBF86A600721D37 /* Build configuration list for PBXNativeTarget "The Perfect Pair" */ = {
			isa = XCConfigurationList;
			buildConfigurations = (
				27C7C3872BBF86A600721D37 /* Debug */,
				27C7C3882BBF86A600721D37 /* Release */,
			);
			defaultConfigurationIsVisible = 0;
			defaultConfigurationName = Release;
		};
		27C7C3892BBF86A600721D37 /* Build configuration list for PBXNativeTarget "The Perfect PairTests" */ = {
			isa = XCConfigurationList;
			buildConfigurations = (
				27C7C38A2BBF86A600721D37 /* Debug */,
				27C7C38B2BBF86A600721D37 /* Release */,
			);
			defaultConfigurationIsVisible = 0;
			defaultConfigurationName = Release;
		};
		27C7C38C2BBF86A600721D37 /* Build configuration list for PBXNativeTarget "The Perfect PairUITests" */ = {
			isa = XCConfigurationList;
			buildConfigurations = (
				27C7C38D2BBF86A600721D37 /* Debug */,
				27C7C38E2BBF86A600721D37 /* Release */,
			);
			defaultConfigurationIsVisible = 0;
			defaultConfigurationName = Release;
		};
/* End XCConfigurationList section */
	};
	rootObject = 27C7C3572BBF86A500721D37 /* Project object */;
}
